
Microsoft Visual Studio Solution File, Format Version 12.00
# Visual Studio Version 17
VisualStudioVersion = 17.7.34003.232
MinimumVisualStudioVersion = 10.0.40219.1
Project("{FAE04EC0-301F-11D3-BF4B-00C04F79EFBC}") = "EmployeeManagementBackened", "EmployeeManagementBackened.csproj", "{5B223F8E-75A1-4D3E-88D9-BA83F513A17A}"
EndProject
Global
	GlobalSection(SolutionConfigurationPlatforms) = preSolution
		Debug|Any CPU = Debug|Any CPU
		Release|Any CPU = Release|Any CPU
	EndGlobalSection
	GlobalSection(ProjectConfigurationPlatforms) = postSolution
		{5B223F8E-75A1-4D3E-88D9-BA83F513A17A}.Debug|Any CPU.ActiveCfg = Debug|Any CPU
		{5B223F8E-75A1-4D3E-88D9-BA83F513A17A}.Debug|Any CPU.Build.0 = Debug|Any CPU
		{5B223F8E-75A1-4D3E-88D9-BA83F513A17A}.Release|Any CPU.ActiveCfg = Release|Any CPU
		{5B223F8E-75A1-4D3E-88D9-BA83F513A17A}.Release|Any CPU.Build.0 = Release|Any CPU
	EndGlobalSection
	GlobalSection(SolutionProperties) = preSolution
		HideSolutionNode = FALSE
	EndGlobalSection
	GlobalSection(ExtensibilityGlobals) = postSolution
		SolutionGuid = {994A41F5-E4EA-44F9-AA97-61B06831C401}
	EndGlobalSection
EndGlobal
